
Microsoft Visual Studio Solution File, Format Version 12.00
# Visual Studio Version 17
VisualStudioVersion = 17.4.33110.190
MinimumVisualStudioVersion = 10.0.40219.1
Project("{9A19103F-16F7-4668-BE54-9A1E7A4F7556}") = "MyFood", "MyFood\MyFood.csproj", "{336EFDBC-CA7B-403E-B712-21E32120F6EC}"
EndProject
Project("{54A90642-561A-4BB1-A94E-469ADEE60C69}") = "Client", "Client\Client.esproj", "{AA2DECB7-6DA1-4114-85F8-49ECD3B99390}"
EndProject
Global
	GlobalSection(SolutionConfigurationPlatforms) = preSolution
		Debug|Any CPU = Debug|Any CPU
		Release|Any CPU = Release|Any CPU
	EndGlobalSection
	GlobalSection(ProjectConfigurationPlatforms) = postSolution
		{336EFDBC-CA7B-403E-B712-21E32120F6EC}.Debug|Any CPU.ActiveCfg = Debug|Any CPU
		{336EFDBC-CA7B-403E-B712-21E32120F6EC}.Debug|Any CPU.Build.0 = Debug|Any CPU
		{336EFDBC-CA7B-403E-B712-21E32120F6EC}.Release|Any CPU.ActiveCfg = Release|Any CPU
		{336EFDBC-CA7B-403E-B712-21E32120F6EC}.Release|Any CPU.Build.0 = Release|Any CPU
		{AA2DECB7-6DA1-4114-85F8-49ECD3B99390}.Debug|Any CPU.ActiveCfg = Debug|Any CPU
		{AA2DECB7-6DA1-4114-85F8-49ECD3B99390}.Debug|Any CPU.Build.0 = Debug|Any CPU
		{AA2DECB7-6DA1-4114-85F8-49ECD3B99390}.Debug|Any CPU.Deploy.0 = Debug|Any CPU
		{AA2DECB7-6DA1-4114-85F8-49ECD3B99390}.Release|Any CPU.ActiveCfg = Release|Any CPU
		{AA2DECB7-6DA1-4114-85F8-49ECD3B99390}.Release|Any CPU.Build.0 = Release|Any CPU
		{AA2DECB7-6DA1-4114-85F8-49ECD3B99390}.Release|Any CPU.Deploy.0 = Release|Any CPU
	EndGlobalSection
	GlobalSection(SolutionProperties) = preSolution
		HideSolutionNode = FALSE
	EndGlobalSection
	GlobalSection(ExtensibilityGlobals) = postSolution
		SolutionGuid = {54079291-8584-4DAC-9DF7-0D947AA161C1}
	EndGlobalSection
EndGlobal
